
Microsoft Visual Studio Solution File, Format Version 12.00
# Visual Studio 2012
Project("{FAE04EC0-301F-11D3-BF4B-00C04F79EFBC}") = "Monitron.Common", "Monitron.Common\Monitron.Common.csproj", "{F6C59DF6-5C97-4B51-925C-DBD8DC245779}"
EndProject
Project("{FAE04EC0-301F-11D3-BF4B-00C04F79EFBC}") = "Monitron.Clients.XMPP", "Monitron.Clients.XMPP\Monitron.Clients.XMPP.csproj", "{9531CE9C-0770-47E0-985A-B35701D096B9}"
EndProject
Project("{FAE04EC0-301F-11D3-BF4B-00C04F79EFBC}") = "Monitron.Clients.XMPP.Tests", "Monitron.Clients.XMPP.Tests\Monitron.Clients.XMPP.Tests.csproj", "{5CEAEA81-01F3-4DA9-81C3-150AFF2F93DD}"
EndProject
Project("{FAE04EC0-301F-11D3-BF4B-00C04F79EFBC}") = "Monitron.Clients.Mock", "Monitron.Clients.Mock\Monitron.Clients.Mock.csproj", "{FEBBB41F-7A01-485E-9936-5207FF5BADF3}"
EndProject
Project("{FAE04EC0-301F-11D3-BF4B-00C04F79EFBC}") = "Monitron.Common.Tests", "Monitron.Common.Tests\Monitron.Common.Tests.csproj", "{F50B88F1-64C1-435B-892C-31AA653B9F2D}"
EndProject
Project("{FAE04EC0-301F-11D3-BF4B-00C04F79EFBC}") = "Monitron.Node", "Monitron.Node\Monitron.Node.csproj", "{E02F1A0F-AF66-47B8-BD17-498540CC17C5}"
EndProject
Project("{FAE04EC0-301F-11D3-BF4B-00C04F79EFBC}") = "Monitron.PluginDataStore.Local", "Monitron.PluginDataStore.Local\Monitron.PluginDataStore.Local.csproj", "{4140B458-B63E-4D0E-AC79-462B99BAE930}"
EndProject
Project("{FAE04EC0-301F-11D3-BF4B-00C04F79EFBC}") = "Monitron.PluginDataStore.Cloud", "Monitron.PluginDataStore.Cloud\Monitron.PluginDataStore.Cloud.csproj", "{FEDF6E7E-C6F5-47A5-B517-E24C4AC472EC}"
EndProject
Project("{FAE04EC0-301F-11D3-BF4B-00C04F79EFBC}") = "Monitron.PluginDataStore.Local.Tests", "Monitron.PluginDataStore.Local.Tests\Monitron.PluginDataStore.Local.Tests.csproj", "{1882AA25-173F-4A94-9441-E3F649A55842}"
EndProject
Project("{FAE04EC0-301F-11D3-BF4B-00C04F79EFBC}") = "Monitron.Management.AdminClient.Tests", "Monitron.Management.AdminClient.Tests\Monitron.Management.AdminClient.Tests.csproj", "{9BBD22E2-54A4-4D13-A4CF-627D310CBED3}"
EndProject
Project("{FAE04EC0-301F-11D3-BF4B-00C04F79EFBC}") = "Monitron.Node.Tests", "Monitron.Node.Tests\Monitron.Node.Tests.csproj", "{C4974800-90A6-4691-8202-5EC0199EDB8D}"
EndProject
Project("{FAE04EC0-301F-11D3-BF4B-00C04F79EFBC}") = "Monitron.Management.AdminClient", "Monitron.Management.AdminClient\Monitron.Management.AdminClient.csproj", "{922C026D-E653-477E-9F99-F150F6FD4C60}"
EndProject
Project("{FAE04EC0-301F-11D3-BF4B-00C04F79EFBC}") = "S22.Xmpp", "S22.Xmpp\S22.Xmpp.csproj", "{9EA99E39-8C5C-4F69-9F3F-8E3074C518FA}"
EndProject
Project("{FAE04EC0-301F-11D3-BF4B-00C04F79EFBC}") = "Monitron.ImRpc", "Monitron.ImRpc\Monitron.ImRpc.csproj", "{50D209C8-C9F4-4690-8D3C-558B592EC80B}"
EndProject
Project("{FAE04EC0-301F-11D3-BF4B-00C04F79EFBC}") = "Monitron.ImRpc.Tests", "Monitron.ImRpc.Tests\Monitron.ImRpc.Tests.csproj", "{DB21DEA2-97A5-4B1A-8D28-466CEB35F660}"
EndProject
Project("{FAE04EC0-301F-11D3-BF4B-00C04F79EFBC}") = "Monitron.Plugins.Management", "Monitron.Plugins.Management\Monitron.Plugins.Management.csproj", "{58199704-1F8F-4268-82CA-456AEE7D010F}"
EndProject
Project("{9344BDBB-3E7F-41FC-A0DD-8665D75EE146}") = "Monitron", "Monitron.Packages\Monitron.mdproj", "{7E5A0C63-F2F9-4404-98ED-664014933AC5}"
EndProject
Project("{FAE04EC0-301F-11D3-BF4B-00C04F79EFBC}") = "DigitalOcean.API", "DigitalOcean.API\DigitalOcean.API\DigitalOcean.API.csproj", "{501971B1-C59F-4583-A4E3-2109C67B644C}"
EndProject
Project("{FAE04EC0-301F-11D3-BF4B-00C04F79EFBC}") = "Monitron.Plugins.LocalMonitorPlugin", "Monitron.Plugins.LocalMonitorPlugin\Monitron.Plugins.LocalMonitorPlugin.csproj", "{FCF0A5FE-63F9-4C74-A7C4-30CBEFA6939B}"
EndProject
Project("{FAE04EC0-301F-11D3-BF4B-00C04F79EFBC}") = "Monitron.Plugins.KatyPerry", "Monitron.Plugins.KatyPerry\Monitron.Plugins.KatyPerry.csproj", "{636B64BA-29DB-4124-A537-C884EEFC9CF3}"
EndProject
Project("{FAE04EC0-301F-11D3-BF4B-00C04F79EFBC}") = "Monitron.Plugins.LocalMonitorPlugin.Tests", "Monitron.Plugins.LocalMonitorPlugin.Tests\Monitron.Plugins.LocalMonitorPlugin.Tests.csproj", "{B70F8B3C-AF1E-4539-9893-077F111EC4B6}"
EndProject
Project("{9344BDBB-3E7F-41FC-A0DD-8665D75EE146}") = "DeploymentScripts", "DeploymentScripts\DeploymentScripts.mdproj", "{E297C441-9FF1-4882-9FEE-8C8903CAE94A}"
EndProject
Project("{FAE04EC0-301F-11D3-BF4B-00C04F79EFBC}") = "Monitron.Plugins.Management.Tests", "Monitron.Plugins.Management.Tests\Monitron.Plugins.Management.Tests.csproj", "{20E31832-C620-4A55-9096-16401E7A007B}"
EndProject
Project("{FAE04EC0-301F-11D3-BF4B-00C04F79EFBC}") = "Monitron.CloudManagers", "Monitron.CloudManagers\Monitron.CloudManagers.csproj", "{618E4E14-B9D3-4796-8C9A-3A9FC1BE1914}"
EndProject
Project("{FAE04EC0-301F-11D3-BF4B-00C04F79EFBC}") = "Monitron.CloudManagers.DigitalOcean", "Monitron.CloudManagers.DigitalOcean\Monitron.CloudManagers.DigitalOcean.csproj", "{334282CE-688C-433C-8434-E23123B1CC5E}"
EndProject
Project("{FAE04EC0-301F-11D3-BF4B-00C04F79EFBC}") = "Monitron.CloudManagers.DigitalOcean.Tests", "Monitron.CloudManagers.DigitalOcean.Tests\Monitron.CloudManagers.DigitalOcean.Tests.csproj", "{66706170-1B2D-42D7-ADF9-62C913FD855E}"
EndProject
Project("{FAE04EC0-301F-11D3-BF4B-00C04F79EFBC}") = "SimpleDebug.Management", "SimpleDebug.Management\SimpleDebug.Management.csproj", "{69D618EA-F927-4A8F-B44F-53F6DA6F1890}"
EndProject
Project("{FAE04EC0-301F-11D3-BF4B-00C04F79EFBC}") = "S22.Xmpp.Tests", "S22.Xmpp.Tests\S22.Xmpp.Tests.csproj", "{D05ACD9F-E951-464C-8A33-B0EC6070B5EE}"
EndProject
Project("{FAE04EC0-301F-11D3-BF4B-00C04F79EFBC}") = "Monitron.Plugins.LocalMonitorPlugin.Common", "Monitron.Plugins.LocalMonitorPlugin.Common\Monitron.Plugins.LocalMonitorPlugin.Common.csproj", "{52426FCE-4261-40F3-91B9-20F9DE60FCEE}"
EndProject
Project("{FAE04EC0-301F-11D3-BF4B-00C04F79EFBC}") = "Monitron.AI", "Monitron.AI\Monitron.AI.csproj", "{4B194316-8C5E-497B-82D0-3940577255DC}"
EndProject
Project("{FAE04EC0-301F-11D3-BF4B-00C04F79EFBC}") = "Monitron.AI.Tests", "Monitron.AI.Tests\Monitron.AI.Tests.csproj", "{886BE5C5-D976-4BDC-BB1F-AF1B6812CD7D}"
EndProject
Project("{FAE04EC0-301F-11D3-BF4B-00C04F79EFBC}") = "Monitron.Plugins.MPD", "Monitron.Plugins.MPD\Monitron.Plugins.MPD.csproj", "{6FB74285-3300-4A0D-B441-367F4C66BCA8}"
EndProject
Project("{FAE04EC0-301F-11D3-BF4B-00C04F79EFBC}") = "AIMLbot", "AIMLbot\AIMLbot\AIMLbot.csproj", "{9C87D82C-0E27-4995-A2CB-72BCB84EF2E2}"
EndProject
Project("{FAE04EC0-301F-11D3-BF4B-00C04F79EFBC}") = "Monitron.StoredPluginsManager", "Monitron.StoredPluginsManager\Monitron.StoredPluginsManager.csproj", "{3E3B5B38-C9DD-423C-A25A-751D125A0381}"
EndProject
Project("{FAE04EC0-301F-11D3-BF4B-00C04F79EFBC}") = "Monitron.PluginDataStore.Cloud.Tests", "Monitron.PluginDataStore.Cloud.Tests\Monitron.PluginDataStore.Cloud.Tests.csproj", "{023669BC-B0A5-436B-984E-C4E3AAD1EA69}"
EndProject
Project("{FAE04EC0-301F-11D3-BF4B-00C04F79EFBC}") = "MPD.API", "MPD.API\MPD.API.csproj", "{320A28BD-0436-4507-9F22-F5EA33B04C9D}"
EndProject
Global
	GlobalSection(SolutionConfigurationPlatforms) = preSolution
		Debug|Any CPU = Debug|Any CPU
		Release|Any CPU = Release|Any CPU
	EndGlobalSection
	GlobalSection(ProjectConfigurationPlatforms) = postSolution
		{023669BC-B0A5-436B-984E-C4E3AAD1EA69}.Debug|Any CPU.ActiveCfg = Debug|Any CPU
		{023669BC-B0A5-436B-984E-C4E3AAD1EA69}.Debug|Any CPU.Build.0 = Debug|Any CPU
		{023669BC-B0A5-436B-984E-C4E3AAD1EA69}.Release|Any CPU.ActiveCfg = Release|Any CPU
		{023669BC-B0A5-436B-984E-C4E3AAD1EA69}.Release|Any CPU.Build.0 = Release|Any CPU
		{1882AA25-173F-4A94-9441-E3F649A55842}.Debug|Any CPU.ActiveCfg = Debug|Any CPU
		{1882AA25-173F-4A94-9441-E3F649A55842}.Debug|Any CPU.Build.0 = Debug|Any CPU
		{1882AA25-173F-4A94-9441-E3F649A55842}.Release|Any CPU.ActiveCfg = Release|Any CPU
		{1882AA25-173F-4A94-9441-E3F649A55842}.Release|Any CPU.Build.0 = Release|Any CPU
		{20E31832-C620-4A55-9096-16401E7A007B}.Debug|Any CPU.ActiveCfg = Debug|Any CPU
		{20E31832-C620-4A55-9096-16401E7A007B}.Debug|Any CPU.Build.0 = Debug|Any CPU
		{20E31832-C620-4A55-9096-16401E7A007B}.Release|Any CPU.ActiveCfg = Release|Any CPU
		{20E31832-C620-4A55-9096-16401E7A007B}.Release|Any CPU.Build.0 = Release|Any CPU
		{320A28BD-0436-4507-9F22-F5EA33B04C9D}.Debug|Any CPU.ActiveCfg = Debug|Any CPU
		{320A28BD-0436-4507-9F22-F5EA33B04C9D}.Debug|Any CPU.Build.0 = Debug|Any CPU
		{320A28BD-0436-4507-9F22-F5EA33B04C9D}.Release|Any CPU.ActiveCfg = Release|Any CPU
		{320A28BD-0436-4507-9F22-F5EA33B04C9D}.Release|Any CPU.Build.0 = Release|Any CPU
		{334282CE-688C-433C-8434-E23123B1CC5E}.Debug|Any CPU.ActiveCfg = Debug|Any CPU
		{334282CE-688C-433C-8434-E23123B1CC5E}.Debug|Any CPU.Build.0 = Debug|Any CPU
		{334282CE-688C-433C-8434-E23123B1CC5E}.Release|Any CPU.ActiveCfg = Release|Any CPU
		{334282CE-688C-433C-8434-E23123B1CC5E}.Release|Any CPU.Build.0 = Release|Any CPU
		{3E3B5B38-C9DD-423C-A25A-751D125A0381}.Debug|Any CPU.ActiveCfg = Debug|Any CPU
		{3E3B5B38-C9DD-423C-A25A-751D125A0381}.Debug|Any CPU.Build.0 = Debug|Any CPU
		{3E3B5B38-C9DD-423C-A25A-751D125A0381}.Release|Any CPU.ActiveCfg = Release|Any CPU
		{3E3B5B38-C9DD-423C-A25A-751D125A0381}.Release|Any CPU.Build.0 = Release|Any CPU
		{4140B458-B63E-4D0E-AC79-462B99BAE930}.Debug|Any CPU.ActiveCfg = Debug|Any CPU
		{4140B458-B63E-4D0E-AC79-462B99BAE930}.Debug|Any CPU.Build.0 = Debug|Any CPU
		{4140B458-B63E-4D0E-AC79-462B99BAE930}.Release|Any CPU.ActiveCfg = Release|Any CPU
		{4140B458-B63E-4D0E-AC79-462B99BAE930}.Release|Any CPU.Build.0 = Release|Any CPU
		{4B194316-8C5E-497B-82D0-3940577255DC}.Debug|Any CPU.ActiveCfg = Debug|Any CPU
		{4B194316-8C5E-497B-82D0-3940577255DC}.Debug|Any CPU.Build.0 = Debug|Any CPU
		{4B194316-8C5E-497B-82D0-3940577255DC}.Release|Any CPU.ActiveCfg = Debug|Any CPU
		{4B194316-8C5E-497B-82D0-3940577255DC}.Release|Any CPU.Build.0 = Debug|Any CPU
		{501971B1-C59F-4583-A4E3-2109C67B644C}.Debug|Any CPU.ActiveCfg = Debug|Any CPU
		{501971B1-C59F-4583-A4E3-2109C67B644C}.Debug|Any CPU.Build.0 = Debug|Any CPU
		{501971B1-C59F-4583-A4E3-2109C67B644C}.Release|Any CPU.ActiveCfg = Release|Any CPU
		{501971B1-C59F-4583-A4E3-2109C67B644C}.Release|Any CPU.Build.0 = Release|Any CPU
		{50D209C8-C9F4-4690-8D3C-558B592EC80B}.Debug|Any CPU.ActiveCfg = Debug|Any CPU
		{50D209C8-C9F4-4690-8D3C-558B592EC80B}.Debug|Any CPU.Build.0 = Debug|Any CPU
		{50D209C8-C9F4-4690-8D3C-558B592EC80B}.Release|Any CPU.ActiveCfg = Release|Any CPU
		{50D209C8-C9F4-4690-8D3C-558B592EC80B}.Release|Any CPU.Build.0 = Release|Any CPU
		{52426FCE-4261-40F3-91B9-20F9DE60FCEE}.Debug|Any CPU.ActiveCfg = Debug|Any CPU
		{52426FCE-4261-40F3-91B9-20F9DE60FCEE}.Debug|Any CPU.Build.0 = Debug|Any CPU
		{52426FCE-4261-40F3-91B9-20F9DE60FCEE}.Release|Any CPU.ActiveCfg = Release|Any CPU
		{52426FCE-4261-40F3-91B9-20F9DE60FCEE}.Release|Any CPU.Build.0 = Release|Any CPU
		{58199704-1F8F-4268-82CA-456AEE7D010F}.Debug|Any CPU.ActiveCfg = Debug|Any CPU
		{58199704-1F8F-4268-82CA-456AEE7D010F}.Debug|Any CPU.Build.0 = Debug|Any CPU
		{58199704-1F8F-4268-82CA-456AEE7D010F}.Release|Any CPU.ActiveCfg = Release|Any CPU
		{58199704-1F8F-4268-82CA-456AEE7D010F}.Release|Any CPU.Build.0 = Release|Any CPU
		{5CEAEA81-01F3-4DA9-81C3-150AFF2F93DD}.Debug|Any CPU.ActiveCfg = Debug|Any CPU
		{5CEAEA81-01F3-4DA9-81C3-150AFF2F93DD}.Debug|Any CPU.Build.0 = Debug|Any CPU
		{5CEAEA81-01F3-4DA9-81C3-150AFF2F93DD}.Release|Any CPU.ActiveCfg = Release|Any CPU
		{5CEAEA81-01F3-4DA9-81C3-150AFF2F93DD}.Release|Any CPU.Build.0 = Release|Any CPU
		{618E4E14-B9D3-4796-8C9A-3A9FC1BE1914}.Debug|Any CPU.ActiveCfg = Debug|Any CPU
		{618E4E14-B9D3-4796-8C9A-3A9FC1BE1914}.Debug|Any CPU.Build.0 = Debug|Any CPU
		{618E4E14-B9D3-4796-8C9A-3A9FC1BE1914}.Release|Any CPU.ActiveCfg = Release|Any CPU
		{618E4E14-B9D3-4796-8C9A-3A9FC1BE1914}.Release|Any CPU.Build.0 = Release|Any CPU
		{636B64BA-29DB-4124-A537-C884EEFC9CF3}.Debug|Any CPU.ActiveCfg = Debug|Any CPU
		{636B64BA-29DB-4124-A537-C884EEFC9CF3}.Debug|Any CPU.Build.0 = Debug|Any CPU
		{636B64BA-29DB-4124-A537-C884EEFC9CF3}.Release|Any CPU.ActiveCfg = Release|Any CPU
		{636B64BA-29DB-4124-A537-C884EEFC9CF3}.Release|Any CPU.Build.0 = Release|Any CPU
		{66706170-1B2D-42D7-ADF9-62C913FD855E}.Debug|Any CPU.ActiveCfg = Debug|Any CPU
		{66706170-1B2D-42D7-ADF9-62C913FD855E}.Debug|Any CPU.Build.0 = Debug|Any CPU
		{66706170-1B2D-42D7-ADF9-62C913FD855E}.Release|Any CPU.ActiveCfg = Release|Any CPU
		{66706170-1B2D-42D7-ADF9-62C913FD855E}.Release|Any CPU.Build.0 = Release|Any CPU
		{69D618EA-F927-4A8F-B44F-53F6DA6F1890}.Debug|Any CPU.ActiveCfg = Debug|x86
		{69D618EA-F927-4A8F-B44F-53F6DA6F1890}.Debug|Any CPU.Build.0 = Debug|x86
		{69D618EA-F927-4A8F-B44F-53F6DA6F1890}.Release|Any CPU.ActiveCfg = Release|x86
		{69D618EA-F927-4A8F-B44F-53F6DA6F1890}.Release|Any CPU.Build.0 = Release|x86
		{6FB74285-3300-4A0D-B441-367F4C66BCA8}.Debug|Any CPU.ActiveCfg = Debug|Any CPU
		{6FB74285-3300-4A0D-B441-367F4C66BCA8}.Debug|Any CPU.Build.0 = Debug|Any CPU
		{6FB74285-3300-4A0D-B441-367F4C66BCA8}.Release|Any CPU.ActiveCfg = Release|Any CPU
		{6FB74285-3300-4A0D-B441-367F4C66BCA8}.Release|Any CPU.Build.0 = Release|Any CPU
		{7E5A0C63-F2F9-4404-98ED-664014933AC5}.Debug|Any CPU.ActiveCfg = Debug|Any CPU
		{7E5A0C63-F2F9-4404-98ED-664014933AC5}.Release|Any CPU.ActiveCfg = Release|Any CPU
		{886BE5C5-D976-4BDC-BB1F-AF1B6812CD7D}.Debug|Any CPU.ActiveCfg = Debug|Any CPU
		{886BE5C5-D976-4BDC-BB1F-AF1B6812CD7D}.Debug|Any CPU.Build.0 = Debug|Any CPU
		{886BE5C5-D976-4BDC-BB1F-AF1B6812CD7D}.Release|Any CPU.ActiveCfg = Debug|Any CPU
		{886BE5C5-D976-4BDC-BB1F-AF1B6812CD7D}.Release|Any CPU.Build.0 = Debug|Any CPU
		{922C026D-E653-477E-9F99-F150F6FD4C60}.Debug|Any CPU.ActiveCfg = Debug|Any CPU
		{922C026D-E653-477E-9F99-F150F6FD4C60}.Debug|Any CPU.Build.0 = Debug|Any CPU
		{922C026D-E653-477E-9F99-F150F6FD4C60}.Release|Any CPU.ActiveCfg = Release|Any CPU
		{922C026D-E653-477E-9F99-F150F6FD4C60}.Release|Any CPU.Build.0 = Release|Any CPU
		{9531CE9C-0770-47E0-985A-B35701D096B9}.Debug|Any CPU.ActiveCfg = Debug|Any CPU
		{9531CE9C-0770-47E0-985A-B35701D096B9}.Debug|Any CPU.Build.0 = Debug|Any CPU
		{9531CE9C-0770-47E0-985A-B35701D096B9}.Release|Any CPU.ActiveCfg = Release|Any CPU
		{9531CE9C-0770-47E0-985A-B35701D096B9}.Release|Any CPU.Build.0 = Release|Any CPU
		{9BBD22E2-54A4-4D13-A4CF-627D310CBED3}.Debug|Any CPU.ActiveCfg = Debug|Any CPU
		{9BBD22E2-54A4-4D13-A4CF-627D310CBED3}.Debug|Any CPU.Build.0 = Debug|Any CPU
		{9BBD22E2-54A4-4D13-A4CF-627D310CBED3}.Release|Any CPU.ActiveCfg = Release|Any CPU
		{9BBD22E2-54A4-4D13-A4CF-627D310CBED3}.Release|Any CPU.Build.0 = Release|Any CPU
		{9C87D82C-0E27-4995-A2CB-72BCB84EF2E2}.Debug|Any CPU.ActiveCfg = Debug|Any CPU
		{9C87D82C-0E27-4995-A2CB-72BCB84EF2E2}.Debug|Any CPU.Build.0 = Debug|Any CPU
		{9C87D82C-0E27-4995-A2CB-72BCB84EF2E2}.Release|Any CPU.ActiveCfg = Debug|Any CPU
		{9C87D82C-0E27-4995-A2CB-72BCB84EF2E2}.Release|Any CPU.Build.0 = Debug|Any CPU
		{9EA99E39-8C5C-4F69-9F3F-8E3074C518FA}.Debug|Any CPU.ActiveCfg = Debug|Any CPU
		{9EA99E39-8C5C-4F69-9F3F-8E3074C518FA}.Debug|Any CPU.Build.0 = Debug|Any CPU
		{9EA99E39-8C5C-4F69-9F3F-8E3074C518FA}.Release|Any CPU.ActiveCfg = Release|Any CPU
		{9EA99E39-8C5C-4F69-9F3F-8E3074C518FA}.Release|Any CPU.Build.0 = Release|Any CPU
		{B70F8B3C-AF1E-4539-9893-077F111EC4B6}.Debug|Any CPU.ActiveCfg = Debug|Any CPU
		{B70F8B3C-AF1E-4539-9893-077F111EC4B6}.Debug|Any CPU.Build.0 = Debug|Any CPU
		{B70F8B3C-AF1E-4539-9893-077F111EC4B6}.Release|Any CPU.ActiveCfg = Release|Any CPU
		{B70F8B3C-AF1E-4539-9893-077F111EC4B6}.Release|Any CPU.Build.0 = Release|Any CPU
		{C4974800-90A6-4691-8202-5EC0199EDB8D}.Debug|Any CPU.ActiveCfg = Debug|Any CPU
		{C4974800-90A6-4691-8202-5EC0199EDB8D}.Debug|Any CPU.Build.0 = Debug|Any CPU
		{C4974800-90A6-4691-8202-5EC0199EDB8D}.Release|Any CPU.ActiveCfg = Release|Any CPU
		{C4974800-90A6-4691-8202-5EC0199EDB8D}.Release|Any CPU.Build.0 = Release|Any CPU
		{D05ACD9F-E951-464C-8A33-B0EC6070B5EE}.Debug|Any CPU.ActiveCfg = Debug|Any CPU
		{D05ACD9F-E951-464C-8A33-B0EC6070B5EE}.Debug|Any CPU.Build.0 = Debug|Any CPU
		{D05ACD9F-E951-464C-8A33-B0EC6070B5EE}.Release|Any CPU.ActiveCfg = Release|Any CPU
		{D05ACD9F-E951-464C-8A33-B0EC6070B5EE}.Release|Any CPU.Build.0 = Release|Any CPU
		{DB21DEA2-97A5-4B1A-8D28-466CEB35F660}.Debug|Any CPU.ActiveCfg = Debug|Any CPU
		{DB21DEA2-97A5-4B1A-8D28-466CEB35F660}.Debug|Any CPU.Build.0 = Debug|Any CPU
		{DB21DEA2-97A5-4B1A-8D28-466CEB35F660}.Release|Any CPU.ActiveCfg = Release|Any CPU
		{DB21DEA2-97A5-4B1A-8D28-466CEB35F660}.Release|Any CPU.Build.0 = Release|Any CPU
		{E02F1A0F-AF66-47B8-BD17-498540CC17C5}.Debug|Any CPU.ActiveCfg = Debug|x86
		{E02F1A0F-AF66-47B8-BD17-498540CC17C5}.Debug|Any CPU.Build.0 = Debug|x86
		{E02F1A0F-AF66-47B8-BD17-498540CC17C5}.Release|Any CPU.ActiveCfg = Release|x86
		{E02F1A0F-AF66-47B8-BD17-498540CC17C5}.Release|Any CPU.Build.0 = Release|x86
		{E297C441-9FF1-4882-9FEE-8C8903CAE94A}.Debug|Any CPU.ActiveCfg = Debug|Any CPU
		{E297C441-9FF1-4882-9FEE-8C8903CAE94A}.Debug|Any CPU.Build.0 = Debug|Any CPU
		{E297C441-9FF1-4882-9FEE-8C8903CAE94A}.Release|Any CPU.ActiveCfg = Release|Any CPU
		{E297C441-9FF1-4882-9FEE-8C8903CAE94A}.Release|Any CPU.Build.0 = Release|Any CPU
		{F50B88F1-64C1-435B-892C-31AA653B9F2D}.Debug|Any CPU.ActiveCfg = Debug|Any CPU
		{F50B88F1-64C1-435B-892C-31AA653B9F2D}.Debug|Any CPU.Build.0 = Debug|Any CPU
		{F50B88F1-64C1-435B-892C-31AA653B9F2D}.Release|Any CPU.ActiveCfg = Release|Any CPU
		{F50B88F1-64C1-435B-892C-31AA653B9F2D}.Release|Any CPU.Build.0 = Release|Any CPU
		{F6C59DF6-5C97-4B51-925C-DBD8DC245779}.Debug|Any CPU.ActiveCfg = Debug|Any CPU
		{F6C59DF6-5C97-4B51-925C-DBD8DC245779}.Debug|Any CPU.Build.0 = Debug|Any CPU
		{F6C59DF6-5C97-4B51-925C-DBD8DC245779}.Release|Any CPU.ActiveCfg = Release|Any CPU
		{F6C59DF6-5C97-4B51-925C-DBD8DC245779}.Release|Any CPU.Build.0 = Release|Any CPU
		{FCF0A5FE-63F9-4C74-A7C4-30CBEFA6939B}.Debug|Any CPU.ActiveCfg = Debug|x86
		{FCF0A5FE-63F9-4C74-A7C4-30CBEFA6939B}.Debug|Any CPU.Build.0 = Debug|x86
		{FCF0A5FE-63F9-4C74-A7C4-30CBEFA6939B}.Release|Any CPU.ActiveCfg = Release|x86
		{FCF0A5FE-63F9-4C74-A7C4-30CBEFA6939B}.Release|Any CPU.Build.0 = Release|x86
		{FEBBB41F-7A01-485E-9936-5207FF5BADF3}.Debug|Any CPU.ActiveCfg = Debug|Any CPU
		{FEBBB41F-7A01-485E-9936-5207FF5BADF3}.Debug|Any CPU.Build.0 = Debug|Any CPU
		{FEBBB41F-7A01-485E-9936-5207FF5BADF3}.Release|Any CPU.ActiveCfg = Release|Any CPU
		{FEBBB41F-7A01-485E-9936-5207FF5BADF3}.Release|Any CPU.Build.0 = Release|Any CPU
		{FEDF6E7E-C6F5-47A5-B517-E24C4AC472EC}.Debug|Any CPU.ActiveCfg = Debug|Any CPU
		{FEDF6E7E-C6F5-47A5-B517-E24C4AC472EC}.Debug|Any CPU.Build.0 = Debug|Any CPU
		{FEDF6E7E-C6F5-47A5-B517-E24C4AC472EC}.Release|Any CPU.ActiveCfg = Release|Any CPU
		{FEDF6E7E-C6F5-47A5-B517-E24C4AC472EC}.Release|Any CPU.Build.0 = Release|Any CPU
	EndGlobalSection
EndGlobal
