
Microsoft Visual Studio Solution File, Format Version 12.00
# Visual Studio 14
VisualStudioVersion = 14.0.24720.0
MinimumVisualStudioVersion = 10.0.40219.1
Project("{FAE04EC0-301F-11D3-BF4B-00C04F79EFBC}") = "Monitron.Common", "Monitron.Common\Monitron.Common.csproj", "{F6C59DF6-5C97-4B51-925C-DBD8DC245779}"
EndProject
Project("{FAE04EC0-301F-11D3-BF4B-00C04F79EFBC}") = "Monitron.Clients.XMPP", "Monitron.Clients.XMPP\Monitron.Clients.XMPP.csproj", "{9531CE9C-0770-47E0-985A-B35701D096B9}"
EndProject
Project("{FAE04EC0-301F-11D3-BF4B-00C04F79EFBC}") = "Monitron.Clients.XMPP.Tests", "Monitron.Clients.XMPP.Tests\Monitron.Clients.XMPP.Tests.csproj", "{5CEAEA81-01F3-4DA9-81C3-150AFF2F93DD}"
EndProject
Project("{FAE04EC0-301F-11D3-BF4B-00C04F79EFBC}") = "Monitron.Clients.Mock", "Monitron.Clients.Mock\Monitron.Clients.Mock.csproj", "{FEBBB41F-7A01-485E-9936-5207FF5BADF3}"
EndProject
Project("{FAE04EC0-301F-11D3-BF4B-00C04F79EFBC}") = "Monitron.Common.Tests", "Monitron.Common.Tests\Monitron.Common.Tests.csproj", "{F50B88F1-64C1-435B-892C-31AA653B9F2D}"
EndProject
Project("{FAE04EC0-301F-11D3-BF4B-00C04F79EFBC}") = "Monitron.PluginDataStore.Local", "Monitron.PluginDataStore.Local\Monitron.PluginDataStore.Local.csproj", "{4140B458-B63E-4D0E-AC79-462B99BAE930}"
EndProject
Project("{FAE04EC0-301F-11D3-BF4B-00C04F79EFBC}") = "Monitron.PluginDataStore.Cloud", "Monitron.PluginDataStore.Cloud\Monitron.PluginDataStore.Cloud.csproj", "{FEDF6E7E-C6F5-47A5-B517-E24C4AC472EC}"
EndProject
Project("{FAE04EC0-301F-11D3-BF4B-00C04F79EFBC}") = "Monitron.PluginDataStore.Local.Tests", "Monitron.PluginDataStore.Local.Tests\Monitron.PluginDataStore.Local.Tests.csproj", "{1882AA25-173F-4A94-9441-E3F649A55842}"
EndProject
Global
	GlobalSection(SolutionConfigurationPlatforms) = preSolution
		Debug|Any CPU = Debug|Any CPU
		Debug|x86 = Debug|x86
		Release|Any CPU = Release|Any CPU
		Release|x86 = Release|x86
	EndGlobalSection
	GlobalSection(ProjectConfigurationPlatforms) = postSolution
		{F6C59DF6-5C97-4B51-925C-DBD8DC245779}.Debug|Any CPU.ActiveCfg = Debug|Any CPU
		{F6C59DF6-5C97-4B51-925C-DBD8DC245779}.Debug|Any CPU.Build.0 = Debug|Any CPU
		{F6C59DF6-5C97-4B51-925C-DBD8DC245779}.Debug|x86.ActiveCfg = Debug|Any CPU
		{F6C59DF6-5C97-4B51-925C-DBD8DC245779}.Debug|x86.Build.0 = Debug|Any CPU
		{F6C59DF6-5C97-4B51-925C-DBD8DC245779}.Release|Any CPU.ActiveCfg = Release|Any CPU
		{F6C59DF6-5C97-4B51-925C-DBD8DC245779}.Release|Any CPU.Build.0 = Release|Any CPU
		{F6C59DF6-5C97-4B51-925C-DBD8DC245779}.Release|x86.ActiveCfg = Release|Any CPU
		{F6C59DF6-5C97-4B51-925C-DBD8DC245779}.Release|x86.Build.0 = Release|Any CPU
		{9531CE9C-0770-47E0-985A-B35701D096B9}.Debug|Any CPU.ActiveCfg = Debug|Any CPU
		{9531CE9C-0770-47E0-985A-B35701D096B9}.Debug|Any CPU.Build.0 = Debug|Any CPU
		{9531CE9C-0770-47E0-985A-B35701D096B9}.Debug|x86.ActiveCfg = Debug|Any CPU
		{9531CE9C-0770-47E0-985A-B35701D096B9}.Debug|x86.Build.0 = Debug|Any CPU
		{9531CE9C-0770-47E0-985A-B35701D096B9}.Release|Any CPU.ActiveCfg = Release|Any CPU
		{9531CE9C-0770-47E0-985A-B35701D096B9}.Release|Any CPU.Build.0 = Release|Any CPU
		{9531CE9C-0770-47E0-985A-B35701D096B9}.Release|x86.ActiveCfg = Release|Any CPU
		{9531CE9C-0770-47E0-985A-B35701D096B9}.Release|x86.Build.0 = Release|Any CPU
		{5CEAEA81-01F3-4DA9-81C3-150AFF2F93DD}.Debug|Any CPU.ActiveCfg = Debug|Any CPU
		{5CEAEA81-01F3-4DA9-81C3-150AFF2F93DD}.Debug|Any CPU.Build.0 = Debug|Any CPU
		{5CEAEA81-01F3-4DA9-81C3-150AFF2F93DD}.Debug|x86.ActiveCfg = Debug|Any CPU
		{5CEAEA81-01F3-4DA9-81C3-150AFF2F93DD}.Debug|x86.Build.0 = Debug|Any CPU
		{5CEAEA81-01F3-4DA9-81C3-150AFF2F93DD}.Release|Any CPU.ActiveCfg = Release|Any CPU
		{5CEAEA81-01F3-4DA9-81C3-150AFF2F93DD}.Release|Any CPU.Build.0 = Release|Any CPU
		{5CEAEA81-01F3-4DA9-81C3-150AFF2F93DD}.Release|x86.ActiveCfg = Release|Any CPU
		{5CEAEA81-01F3-4DA9-81C3-150AFF2F93DD}.Release|x86.Build.0 = Release|Any CPU
		{FEBBB41F-7A01-485E-9936-5207FF5BADF3}.Debug|Any CPU.ActiveCfg = Debug|Any CPU
		{FEBBB41F-7A01-485E-9936-5207FF5BADF3}.Debug|Any CPU.Build.0 = Debug|Any CPU
		{FEBBB41F-7A01-485E-9936-5207FF5BADF3}.Debug|x86.ActiveCfg = Debug|Any CPU
		{FEBBB41F-7A01-485E-9936-5207FF5BADF3}.Debug|x86.Build.0 = Debug|Any CPU
		{FEBBB41F-7A01-485E-9936-5207FF5BADF3}.Release|Any CPU.ActiveCfg = Release|Any CPU
		{FEBBB41F-7A01-485E-9936-5207FF5BADF3}.Release|Any CPU.Build.0 = Release|Any CPU
		{FEBBB41F-7A01-485E-9936-5207FF5BADF3}.Release|x86.ActiveCfg = Release|Any CPU
		{FEBBB41F-7A01-485E-9936-5207FF5BADF3}.Release|x86.Build.0 = Release|Any CPU
		{F50B88F1-64C1-435B-892C-31AA653B9F2D}.Debug|Any CPU.ActiveCfg = Debug|Any CPU
		{F50B88F1-64C1-435B-892C-31AA653B9F2D}.Debug|Any CPU.Build.0 = Debug|Any CPU
		{F50B88F1-64C1-435B-892C-31AA653B9F2D}.Debug|x86.ActiveCfg = Debug|Any CPU
		{F50B88F1-64C1-435B-892C-31AA653B9F2D}.Debug|x86.Build.0 = Debug|Any CPU
		{F50B88F1-64C1-435B-892C-31AA653B9F2D}.Release|Any CPU.ActiveCfg = Release|Any CPU
		{F50B88F1-64C1-435B-892C-31AA653B9F2D}.Release|Any CPU.Build.0 = Release|Any CPU
		{F50B88F1-64C1-435B-892C-31AA653B9F2D}.Release|x86.ActiveCfg = Release|Any CPU
		{F50B88F1-64C1-435B-892C-31AA653B9F2D}.Release|x86.Build.0 = Release|Any CPU
		{4140B458-B63E-4D0E-AC79-462B99BAE930}.Debug|Any CPU.ActiveCfg = Debug|Any CPU
		{4140B458-B63E-4D0E-AC79-462B99BAE930}.Debug|Any CPU.Build.0 = Debug|Any CPU
		{4140B458-B63E-4D0E-AC79-462B99BAE930}.Debug|x86.ActiveCfg = Debug|Any CPU
		{4140B458-B63E-4D0E-AC79-462B99BAE930}.Debug|x86.Build.0 = Debug|Any CPU
		{4140B458-B63E-4D0E-AC79-462B99BAE930}.Release|Any CPU.ActiveCfg = Release|Any CPU
		{4140B458-B63E-4D0E-AC79-462B99BAE930}.Release|Any CPU.Build.0 = Release|Any CPU
		{4140B458-B63E-4D0E-AC79-462B99BAE930}.Release|x86.ActiveCfg = Release|Any CPU
		{4140B458-B63E-4D0E-AC79-462B99BAE930}.Release|x86.Build.0 = Release|Any CPU
		{FEDF6E7E-C6F5-47A5-B517-E24C4AC472EC}.Debug|Any CPU.ActiveCfg = Debug|Any CPU
		{FEDF6E7E-C6F5-47A5-B517-E24C4AC472EC}.Debug|Any CPU.Build.0 = Debug|Any CPU
		{FEDF6E7E-C6F5-47A5-B517-E24C4AC472EC}.Debug|x86.ActiveCfg = Debug|Any CPU
		{FEDF6E7E-C6F5-47A5-B517-E24C4AC472EC}.Debug|x86.Build.0 = Debug|Any CPU
		{FEDF6E7E-C6F5-47A5-B517-E24C4AC472EC}.Release|Any CPU.ActiveCfg = Release|Any CPU
		{FEDF6E7E-C6F5-47A5-B517-E24C4AC472EC}.Release|Any CPU.Build.0 = Release|Any CPU
		{FEDF6E7E-C6F5-47A5-B517-E24C4AC472EC}.Release|x86.ActiveCfg = Release|Any CPU
		{FEDF6E7E-C6F5-47A5-B517-E24C4AC472EC}.Release|x86.Build.0 = Release|Any CPU
		{1882AA25-173F-4A94-9441-E3F649A55842}.Debug|Any CPU.ActiveCfg = Debug|Any CPU
		{1882AA25-173F-4A94-9441-E3F649A55842}.Debug|Any CPU.Build.0 = Debug|Any CPU
		{1882AA25-173F-4A94-9441-E3F649A55842}.Debug|x86.ActiveCfg = Debug|Any CPU
		{1882AA25-173F-4A94-9441-E3F649A55842}.Debug|x86.Build.0 = Debug|Any CPU
		{1882AA25-173F-4A94-9441-E3F649A55842}.Release|Any CPU.ActiveCfg = Release|Any CPU
		{1882AA25-173F-4A94-9441-E3F649A55842}.Release|Any CPU.Build.0 = Release|Any CPU
		{1882AA25-173F-4A94-9441-E3F649A55842}.Release|x86.ActiveCfg = Release|Any CPU
		{1882AA25-173F-4A94-9441-E3F649A55842}.Release|x86.Build.0 = Release|Any CPU
	EndGlobalSection
	GlobalSection(SolutionProperties) = preSolution
		HideSolutionNode = FALSE
	EndGlobalSection
EndGlobal
